
Microsoft Visual Studio Solution File, Format Version 12.00
# Visual Studio 14
VisualStudioVersion = 14.0.25420.1
MinimumVisualStudioVersion = 10.0.40219.1
Project("{FAE04EC0-301F-11D3-BF4B-00C04F79EFBC}") = "GameStore.Domain", "GameStore.Domain\GameStore.Domain.csproj", "{03D18470-F606-4266-B7D1-8DC911C45C0D}"
EndProject
Project("{FAE04EC0-301F-11D3-BF4B-00C04F79EFBC}") = "GameStore.WebUI", "GameStore.WebUI\GameStore.WebUI.csproj", "{155172B8-4BA8-40A9-96C8-5716AA63A49F}"
EndProject
Project("{FAE04EC0-301F-11D3-BF4B-00C04F79EFBC}") = "GameStore.UnitTests", "GameStore.UnitTests\GameStore.UnitTests.csproj", "{4DE5A921-0174-4C5A-98CA-D45EB332549E}"
EndProject
Global
	GlobalSection(SolutionConfigurationPlatforms) = preSolution
		Debug|Any CPU = Debug|Any CPU
		Release|Any CPU = Release|Any CPU
	EndGlobalSection
	GlobalSection(ProjectConfigurationPlatforms) = postSolution
		{03D18470-F606-4266-B7D1-8DC911C45C0D}.Debug|Any CPU.ActiveCfg = Debug|Any CPU
		{03D18470-F606-4266-B7D1-8DC911C45C0D}.Debug|Any CPU.Build.0 = Debug|Any CPU
		{03D18470-F606-4266-B7D1-8DC911C45C0D}.Release|Any CPU.ActiveCfg = Release|Any CPU
		{03D18470-F606-4266-B7D1-8DC911C45C0D}.Release|Any CPU.Build.0 = Release|Any CPU
		{155172B8-4BA8-40A9-96C8-5716AA63A49F}.Debug|Any CPU.ActiveCfg = Debug|Any CPU
		{155172B8-4BA8-40A9-96C8-5716AA63A49F}.Debug|Any CPU.Build.0 = Debug|Any CPU
		{155172B8-4BA8-40A9-96C8-5716AA63A49F}.Release|Any CPU.ActiveCfg = Release|Any CPU
		{155172B8-4BA8-40A9-96C8-5716AA63A49F}.Release|Any CPU.Build.0 = Release|Any CPU
		{4DE5A921-0174-4C5A-98CA-D45EB332549E}.Debug|Any CPU.ActiveCfg = Debug|Any CPU
		{4DE5A921-0174-4C5A-98CA-D45EB332549E}.Debug|Any CPU.Build.0 = Debug|Any CPU
		{4DE5A921-0174-4C5A-98CA-D45EB332549E}.Release|Any CPU.ActiveCfg = Release|Any CPU
		{4DE5A921-0174-4C5A-98CA-D45EB332549E}.Release|Any CPU.Build.0 = Release|Any CPU
	EndGlobalSection
	GlobalSection(SolutionProperties) = preSolution
		HideSolutionNode = FALSE
	EndGlobalSection
EndGlobal
